
Microsoft Visual Studio Solution File, Format Version 12.00
# Visual Studio Version 16
VisualStudioVersion = 16.0.30804.86
MinimumVisualStudioVersion = 10.0.40219.1
Project("{FAE04EC0-301F-11D3-BF4B-00C04F79EFBC}") = "Statistics", "Statistics\Statistics.csproj", "{419879A4-AE44-42BD-9130-9659F0791D48}"
EndProject
Global
	GlobalSection(SolutionConfigurationPlatforms) = preSolution
		Debug|Any CPU = Debug|Any CPU
		Release|Any CPU = Release|Any CPU
	EndGlobalSection
	GlobalSection(ProjectConfigurationPlatforms) = postSolution
		{419879A4-AE44-42BD-9130-9659F0791D48}.Debug|Any CPU.ActiveCfg = Debug|Any CPU
		{419879A4-AE44-42BD-9130-9659F0791D48}.Debug|Any CPU.Build.0 = Debug|Any CPU
		{419879A4-AE44-42BD-9130-9659F0791D48}.Release|Any CPU.ActiveCfg = Release|Any CPU
		{419879A4-AE44-42BD-9130-9659F0791D48}.Release|Any CPU.Build.0 = Release|Any CPU
	EndGlobalSection
	GlobalSection(SolutionProperties) = preSolution
		HideSolutionNode = FALSE
	EndGlobalSection
	GlobalSection(ExtensibilityGlobals) = postSolution
		SolutionGuid = {2391F4CC-598F-4DD8-84F7-87062C444E93}
	EndGlobalSection
EndGlobal
